
Microsoft Visual Studio Solution File, Format Version 12.00
# Visual Studio Version 17
VisualStudioVersion = 17.6.33829.357
MinimumVisualStudioVersion = 10.0.40219.1
Project("{9A19103F-16F7-4668-BE54-9A1E7A4F7556}") = "RateRIR", "RateRIR\RateRIR.csproj", "{DF3411C4-DFB9-4BBD-988B-3FF34956CCC9}"
EndProject
Project("{FAE04EC0-301F-11D3-BF4B-00C04F79EFBC}") = "RateRIRTests", "RateRIRTests\RateRIRTests.csproj", "{16B4E085-67C4-4AF2-8C25-FECBD92A4750}"
EndProject
Global
	GlobalSection(SolutionConfigurationPlatforms) = preSolution
		Debug|Any CPU = Debug|Any CPU
		Release|Any CPU = Release|Any CPU
	EndGlobalSection
	GlobalSection(ProjectConfigurationPlatforms) = postSolution
		{DF3411C4-DFB9-4BBD-988B-3FF34956CCC9}.Debug|Any CPU.ActiveCfg = Debug|Any CPU
		{DF3411C4-DFB9-4BBD-988B-3FF34956CCC9}.Debug|Any CPU.Build.0 = Debug|Any CPU
		{DF3411C4-DFB9-4BBD-988B-3FF34956CCC9}.Release|Any CPU.ActiveCfg = Release|Any CPU
		{DF3411C4-DFB9-4BBD-988B-3FF34956CCC9}.Release|Any CPU.Build.0 = Release|Any CPU
		{16B4E085-67C4-4AF2-8C25-FECBD92A4750}.Debug|Any CPU.ActiveCfg = Debug|Any CPU
		{16B4E085-67C4-4AF2-8C25-FECBD92A4750}.Debug|Any CPU.Build.0 = Debug|Any CPU
		{16B4E085-67C4-4AF2-8C25-FECBD92A4750}.Release|Any CPU.ActiveCfg = Release|Any CPU
		{16B4E085-67C4-4AF2-8C25-FECBD92A4750}.Release|Any CPU.Build.0 = Release|Any CPU
	EndGlobalSection
	GlobalSection(SolutionProperties) = preSolution
		HideSolutionNode = FALSE
	EndGlobalSection
	GlobalSection(ExtensibilityGlobals) = postSolution
		SolutionGuid = {A34ACDEA-F254-48B3-81EF-302205ADF562}
	EndGlobalSection
EndGlobal
